{
  "originHash" : "929ab07688fe55cdc9087b2b7d392c76cd7178f2a45de4ef67143bb5647c995d",
  "pins" : [
    {
      "identity" : "fulhamkit",
      "kind" : "remoteSourceControl",
      "location" : "https://github.com/KociucKy/FulhamKit",
      "state" : {
        "branch" : "master",
        "revision" : "144ab25e35926bf5408642fbeb678770dbb9ceb3"
      }
    },
    {
      "identity" : "localnotificationkit",
      "kind" : "remoteSourceControl",
      "location" : "https://github.com/KociucKy/LocalNotificationKit",
      "state" : {
        "branch" : "master",
        "revision" : "f40fd11617d2da038b214353c0be026d551d7372"
      }
    },
    {
      "identity" : "logkit",
      "kind" : "remoteSourceControl",
      "location" : "https://github.com/KociucKy/LogKit",
      "state" : {
        "branch" : "master",
        "revision" : "688c60f3f55e5cb5307aba6f0e0739ed5b264b9e"
      }
    },
    {
      "identity" : "navigationkit",
      "kind" : "remoteSourceControl",
      "location" : "https://github.com/KociucKy/NavigationKit",
      "state" : {
        "branch" : "master",
        "revision" : "ddb9e26a032a78e5a56abd21271b61d08c375e61"
      }
    },
    {
      "identity" : "reviewkit",
      "kind" : "remoteSourceControl",
      "location" : "https://github.com/KociucKy/ReviewKit",
      "state" : {
        "branch" : "master",
        "revision" : "03e100f1d98bd42bbcc693ea5bc15b0554385b93"
      }
    },
    {
      "identity" : "swift-custom-dump",
      "kind" : "remoteSourceControl",
      "location" : "https://github.com/pointfreeco/swift-custom-dump",
      "state" : {
        "revision" : "06c57924455064182d6b217f06ebc05d00cb2990",
        "version" : "1.5.0"
      }
    },
    {
      "identity" : "swift-snapshot-testing",
      "kind" : "remoteSourceControl",
      "location" : "https://github.com/pointfreeco/swift-snapshot-testing",
      "state" : {
        "revision" : "ad5e3190cc63dc288f28546f9c6827efc1e9d495",
        "version" : "1.19.2"
      }
    },
    {
      "identity" : "swift-syntax",
      "kind" : "remoteSourceControl",
      "location" : "https://github.com/swiftlang/swift-syntax",
      "state" : {
        "revision" : "2b59c0c741e9184ab057fd22950b491076d42e91",
        "version" : "603.0.0"
      }
    },
    {
      "identity" : "userdefaultskit",
      "kind" : "remoteSourceControl",
      "location" : "https://github.com/KociucKy/UserDefaultsKit",
      "state" : {
        "branch" : "master",
        "revision" : "58ae747a4fd21daead7a0df628bc412ee678fe9d"
      }
    },
    {
      "identity" : "utilitieskit",
      "kind" : "remoteSourceControl",
      "location" : "https://github.com/KociucKy/UtilitiesKit",
      "state" : {
        "branch" : "master",
        "revision" : "5a9d4c188dfe28116b93df6ec1ed4de50c02bca9"
      }
    },
    {
      "identity" : "xctest-dynamic-overlay",
      "kind" : "remoteSourceControl",
      "location" : "https://github.com/pointfreeco/xctest-dynamic-overlay",
      "state" : {
        "revision" : "dfd70507def84cb5fb821278448a262c6ff2bbad",
        "version" : "1.9.0"
      }
    }
  ],
  "version" : 3
}
